// !$*UTF8*$!
{
	archiveVersion = 1;
	classes = {
	};
	objectVersion = 46;
	objects = {

/* Begin PBXBuildFile section */
		B90AE195171659A80011FDBA /* UIKit.framework in Frameworks */ = {isa = PBXBuildFile; fileRef = B90AE194171659A80011FDBA /* UIKit.framework */; };
		B90AE197171659A80011FDBA /* Foundation.framework in Frameworks */ = {isa = PBXBuildFile; fileRef = B90AE196171659A80011FDBA /* Foundation.framework */; };
		B90AE199171659A80011FDBA /* CoreGraphics.framework in Frameworks */ = {isa = PBXBuildFile; fileRef = B90AE198171659A80011FDBA /* CoreGraphics.framework */; };
		B90AE19F171659A80011FDBA /* InfoPlist.strings in Resources */ = {isa = PBXBuildFile; fileRef = B90AE19D171659A80011FDBA /* InfoPlist.strings */; };
		B90AE1A1171659A80011FDBA /* main.m in Sources */ = {isa = PBXBuildFile; fileRef = B90AE1A0171659A80011FDBA /* main.m */; };
		B90AE1A5171659A80011FDBA /* AppDelegate.m in Sources */ = {isa = PBXBuildFile; fileRef = B90AE1A4171659A80011FDBA /* AppDelegate.m */; };
		B90AE1A7171659A80011FDBA /* Default.png in Resources */ = {isa = PBXBuildFile; fileRef = B90AE1A6171659A80011FDBA /* Default.png */; };
		B90AE1A9171659A80011FDBA /* Default@2x.png in Resources */ = {isa = PBXBuildFile; fileRef = B90AE1A8171659A80011FDBA /* Default@2x.png */; };
		B90AE1AB171659A80011FDBA /* Default-568h@2x.png in Resources */ = {isa = PBXBuildFile; fileRef = B90AE1AA171659A80011FDBA /* Default-568h@2x.png */; };
		B90AE1B2171659DA0011FDBA /* QuartzCore.framework in Frameworks */ = {isa = PBXBuildFile; fileRef = B90AE1B1171659DA0011FDBA /* QuartzCore.framework */; };
		B90AE1B4171659DF0011FDBA /* OpenGLES.framework in Frameworks */ = {isa = PBXBuildFile; fileRef = B90AE1B3171659DF0011FDBA /* OpenGLES.framework */; };
		B90AE1B617165A110011FDBA /* MainWindow.xib in Resources */ = {isa = PBXBuildFile; fileRef = B90AE1B517165A110011FDBA /* MainWindow.xib */; };
		B90AE1B917165A9E0011FDBA /* OpenGLView.m in Sources */ = {isa = PBXBuildFile; fileRef = B90AE1B817165A9E0011FDBA /* OpenGLView.m */; };
		B9DE18BB1717A1870096FD11 /* GLESUnit.m in Sources */ = {isa = PBXBuildFile; fileRef = B9DE18BA1717A1870096FD11 /* GLESUnit.m */; };
		B9DE18BD1717A6480096FD11 /* VertexShader.glsl in Resources */ = {isa = PBXBuildFile; fileRef = B9DE18BC1717A5F70096FD11 /* VertexShader.glsl */; };
		B9DE18BF1717A6DB0096FD11 /* FregmentShader.glsl in Resources */ = {isa = PBXBuildFile; fileRef = B9DE18BE1717A6950096FD11 /* FregmentShader.glsl */; };
/* End PBXBuildFile section */

/* Begin PBXFileReference section */
		B90AE191171659A80011FDBA /* OpenGL_ES_Demo01.app */ = {isa = PBXFileReference; explicitFileType = wrapper.application; includeInIndex = 0; path = OpenGL_ES_Demo01.app; sourceTree = BUILT_PRODUCTS_DIR; };
		B90AE194171659A80011FDBA /* UIKit.framework */ = {isa = PBXFileReference; lastKnownFileType = wrapper.framework; name = UIKit.framework; path = System/Library/Frameworks/UIKit.framework; sourceTree = SDKROOT; };
		B90AE196171659A80011FDBA /* Foundation.framework */ = {isa = PBXFileReference; lastKnownFileType = wrapper.framework; name = Foundation.framework; path = System/Library/Frameworks/Foundation.framework; sourceTree = SDKROOT; };
		B90AE198171659A80011FDBA /* CoreGraphics.framework */ = {isa = PBXFileReference; lastKnownFileType = wrapper.framework; name = CoreGraphics.framework; path = System/Library/Frameworks/CoreGraphics.framework; sourceTree = SDKROOT; };
		B90AE19C171659A80011FDBA /* OpenGL_ES_Demo01-Info.plist */ = {isa = PBXFileReference; lastKnownFileType = text.plist.xml; path = "OpenGL_ES_Demo01-Info.plist"; sourceTree = "<group>"; };
		B90AE19E171659A80011FDBA /* en */ = {isa = PBXFileReference; lastKnownFileType = text.plist.strings; name = en; path = en.lproj/InfoPlist.strings; sourceTree = "<group>"; };
		B90AE1A0171659A80011FDBA /* main.m */ = {isa = PBXFileReference; lastKnownFileType = sourcecode.c.objc; path = main.m; sourceTree = "<group>"; };
		B90AE1A2171659A80011FDBA /* OpenGL_ES_Demo01-Prefix.pch */ = {isa = PBXFileReference; lastKnownFileType = sourcecode.c.h; path = "OpenGL_ES_Demo01-Prefix.pch"; sourceTree = "<group>"; };
		B90AE1A3171659A80011FDBA /* AppDelegate.h */ = {isa = PBXFileReference; lastKnownFileType = sourcecode.c.h; path = AppDelegate.h; sourceTree = "<group>"; };
		B90AE1A4171659A80011FDBA /* AppDelegate.m */ = {isa = PBXFileReference; lastKnownFileType = sourcecode.c.objc; path = AppDelegate.m; sourceTree = "<group>"; };
		B90AE1A6171659A80011FDBA /* Default.png */ = {isa = PBXFileReference; lastKnownFileType = image.png; path = Default.png; sourceTree = "<group>"; };
		B90AE1A8171659A80011FDBA /* Default@2x.png */ = {isa = PBXFileReference; lastKnownFileType = image.png; path = "Default@2x.png"; sourceTree = "<group>"; };
		B90AE1AA171659A80011FDBA /* Default-568h@2x.png */ = {isa = PBXFileReference; lastKnownFileType = image.png; path = "Default-568h@2x.png"; sourceTree = "<group>"; };
		B90AE1B1171659DA0011FDBA /* QuartzCore.framework */ = {isa = PBXFileReference; lastKnownFileType = wrapper.framework; name = QuartzCore.framework; path = System/Library/Frameworks/QuartzCore.framework; sourceTree = SDKROOT; };
		B90AE1B3171659DF0011FDBA /* OpenGLES.framework */ = {isa = PBXFileReference; lastKnownFileType = wrapper.framework; name = OpenGLES.framework; path = System/Library/Frameworks/OpenGLES.framework; sourceTree = SDKROOT; };
		B90AE1B517165A110011FDBA /* MainWindow.xib */ = {isa = PBXFileReference; fileEncoding = 4; lastKnownFileType = file.xib; path = MainWindow.xib; sourceTree = "<group>"; };
		B90AE1B717165A9E0011FDBA /* OpenGLView.h */ = {isa = PBXFileReference; fileEncoding = 4; lastKnownFileType = sourcecode.c.h; path = OpenGLView.h; sourceTree = "<group>"; };
		B90AE1B817165A9E0011FDBA /* OpenGLView.m */ = {isa = PBXFileReference; fileEncoding = 4; lastKnownFileType = sourcecode.c.objc; path = OpenGLView.m; sourceTree = "<group>"; };
		B9DE18B91717A1870096FD11 /* GLESUnit.h */ = {isa = PBXFileReference; fileEncoding = 4; lastKnownFileType = sourcecode.c.h; path = GLESUnit.h; sourceTree = "<group>"; };
		B9DE18BA1717A1870096FD11 /* GLESUnit.m */ = {isa = PBXFileReference; fileEncoding = 4; lastKnownFileType = sourcecode.c.objc; path = GLESUnit.m; sourceTree = "<group>"; };
		B9DE18BC1717A5F70096FD11 /* VertexShader.glsl */ = {isa = PBXFileReference; lastKnownFileType = text; path = VertexShader.glsl; sourceTree = "<group>"; };
		B9DE18BE1717A6950096FD11 /* FregmentShader.glsl */ = {isa = PBXFileReference; lastKnownFileType = text; path = FregmentShader.glsl; sourceTree = "<group>"; };
/* End PBXFileReference section */

/* Begin PBXFrameworksBuildPhase section */
		B90AE18E171659A80011FDBA /* Frameworks */ = {
			isa = PBXFrameworksBuildPhase;
			buildActionMask = 2147483647;
			files = (
				B90AE1B4171659DF0011FDBA /* OpenGLES.framework in Frameworks */,
				B90AE1B2171659DA0011FDBA /* QuartzCore.framework in Frameworks */,
				B90AE195171659A80011FDBA /* UIKit.framework in Frameworks */,
				B90AE197171659A80011FDBA /* Foundation.framework in Frameworks */,
				B90AE199171659A80011FDBA /* CoreGraphics.framework in Frameworks */,
			);
			runOnlyForDeploymentPostprocessing = 0;
		};
/* End PBXFrameworksBuildPhase section */

/* Begin PBXGroup section */
		B90AE188171659A80011FDBA = {
			isa = PBXGroup;
			children = (
				B90AE19A171659A80011FDBA /* OpenGL_ES_Demo01 */,
				B90AE193171659A80011FDBA /* Frameworks */,
				B90AE192171659A80011FDBA /* Products */,
			);
			sourceTree = "<group>";
		};
		B90AE192171659A80011FDBA /* Products */ = {
			isa = PBXGroup;
			children = (
				B90AE191171659A80011FDBA /* OpenGL_ES_Demo01.app */,
			);
			name = Products;
			sourceTree = "<group>";
		};
		B90AE193171659A80011FDBA /* Frameworks */ = {
			isa = PBXGroup;
			children = (
				B90AE1B3171659DF0011FDBA /* OpenGLES.framework */,
				B90AE1B1171659DA0011FDBA /* QuartzCore.framework */,
				B90AE194171659A80011FDBA /* UIKit.framework */,
				B90AE196171659A80011FDBA /* Foundation.framework */,
				B90AE198171659A80011FDBA /* CoreGraphics.framework */,
			);
			name = Frameworks;
			sourceTree = "<group>";
		};
		B90AE19A171659A80011FDBA /* OpenGL_ES_Demo01 */ = {
			isa = PBXGroup;
			children = (
				B90AE1A3171659A80011FDBA /* AppDelegate.h */,
				B90AE1A4171659A80011FDBA /* AppDelegate.m */,
				B90AE1B517165A110011FDBA /* MainWindow.xib */,
				B90AE1B717165A9E0011FDBA /* OpenGLView.h */,
				B90AE1B817165A9E0011FDBA /* OpenGLView.m */,
				B9DE18B91717A1870096FD11 /* GLESUnit.h */,
				B9DE18BA1717A1870096FD11 /* GLESUnit.m */,
				B90AE19B171659A80011FDBA /* Supporting Files */,
			);
			path = OpenGL_ES_Demo01;
			sourceTree = "<group>";
		};
		B90AE19B171659A80011FDBA /* Supporting Files */ = {
			isa = PBXGroup;
			children = (
				B90AE19C171659A80011FDBA /* OpenGL_ES_Demo01-Info.plist */,
				B90AE19D171659A80011FDBA /* InfoPlist.strings */,
				B90AE1A0171659A80011FDBA /* main.m */,
				B90AE1A2171659A80011FDBA /* OpenGL_ES_Demo01-Prefix.pch */,
				B90AE1A6171659A80011FDBA /* Default.png */,
				B90AE1A8171659A80011FDBA /* Default@2x.png */,
				B90AE1AA171659A80011FDBA /* Default-568h@2x.png */,
				B9DE18BC1717A5F70096FD11 /* VertexShader.glsl */,
				B9DE18BE1717A6950096FD11 /* FregmentShader.glsl */,
			);
			name = "Supporting Files";
			sourceTree = "<group>";
		};
/* End PBXGroup section */

/* Begin PBXNativeTarget section */
		B90AE190171659A80011FDBA /* OpenGL_ES_Demo01 */ = {
			isa = PBXNativeTarget;
			buildConfigurationList = B90AE1AE171659A80011FDBA /* Build configuration list for PBXNativeTarget "OpenGL_ES_Demo01" */;
			buildPhases = (
				B90AE18D171659A80011FDBA /* Sources */,
				B90AE18E171659A80011FDBA /* Frameworks */,
				B90AE18F171659A80011FDBA /* Resources */,
			);
			buildRules = (
			);
			dependencies = (
			);
			name = OpenGL_ES_Demo01;
			productName = OpenGL_ES_Demo01;
			productReference = B90AE191171659A80011FDBA /* OpenGL_ES_Demo01.app */;
			productType = "com.apple.product-type.application";
		};
/* End PBXNativeTarget section */

/* Begin PBXProject section */
		B90AE189171659A80011FDBA /* Project object */ = {
			isa = PBXProject;
			attributes = {
				LastUpgradeCheck = 0460;
				ORGANIZATIONNAME = "tosc-its";
			};
			buildConfigurationList = B90AE18C171659A80011FDBA /* Build configuration list for PBXProject "OpenGL_ES_Demo01" */;
			compatibilityVersion = "Xcode 3.2";
			developmentRegion = English;
			hasScannedForEncodings = 0;
			knownRegions = (
				en,
			);
			mainGroup = B90AE188171659A80011FDBA;
			productRefGroup = B90AE192171659A80011FDBA /* Products */;
			projectDirPath = "";
			projectRoot = "";
			targets = (
				B90AE190171659A80011FDBA /* OpenGL_ES_Demo01 */,
			);
		};
/* End PBXProject section */

/* Begin PBXResourcesBuildPhase section */
		B90AE18F171659A80011FDBA /* Resources */ = {
			isa = PBXResourcesBuildPhase;
			buildActionMask = 2147483647;
			files = (
				B9DE18BF1717A6DB0096FD11 /* FregmentShader.glsl in Resources */,
				B9DE18BD1717A6480096FD11 /* VertexShader.glsl in Resources */,
				B90AE19F171659A80011FDBA /* InfoPlist.strings in Resources */,
				B90AE1A7171659A80011FDBA /* Default.png in Resources */,
				B90AE1A9171659A80011FDBA /* Default@2x.png in Resources */,
				B90AE1AB171659A80011FDBA /* Default-568h@2x.png in Resources */,
				B90AE1B617165A110011FDBA /* MainWindow.xib in Resources */,
			);
			runOnlyForDeploymentPostprocessing = 0;
		};
/* End PBXResourcesBuildPhase section */

/* Begin PBXSourcesBuildPhase section */
		B90AE18D171659A80011FDBA /* Sources */ = {
			isa = PBXSourcesBuildPhase;
			buildActionMask = 2147483647;
			files = (
				B90AE1A1171659A80011FDBA /* main.m in Sources */,
				B90AE1A5171659A80011FDBA /* AppDelegate.m in Sources */,
				B90AE1B917165A9E0011FDBA /* OpenGLView.m in Sources */,
				B9DE18BB1717A1870096FD11 /* GLESUnit.m in Sources */,
			);
			runOnlyForDeploymentPostprocessing = 0;
		};
/* End PBXSourcesBuildPhase section */

/* Begin PBXVariantGroup section */
		B90AE19D171659A80011FDBA /* InfoPlist.strings */ = {
			isa = PBXVariantGroup;
			children = (
				B90AE19E171659A80011FDBA /* en */,
			);
			name = InfoPlist.strings;
			sourceTree = "<group>";
		};
/* End PBXVariantGroup section */

/* Begin XCBuildConfiguration section */
		B90AE1AC171659A80011FDBA /* Debug */ = {
			isa = XCBuildConfiguration;
			buildSettings = {
				ALWAYS_SEARCH_USER_PATHS = NO;
				CLANG_CXX_LANGUAGE_STANDARD = "gnu++0x";
				CLANG_CXX_LIBRARY = "libc++";
				CLANG_ENABLE_OBJC_ARC = YES;
				CLANG_WARN_CONSTANT_CONVERSION = YES;
				CLANG_WARN_EMPTY_BODY = YES;
				CLANG_WARN_ENUM_CONVERSION = YES;
				CLANG_WARN_INT_CONVERSION = YES;
				CLANG_WARN__DUPLICATE_METHOD_MATCH = YES;
				"CODE_SIGN_IDENTITY[sdk=iphoneos*]" = "iPhone Developer";
				COPY_PHASE_STRIP = NO;
				GCC_C_LANGUAGE_STANDARD = gnu99;
				GCC_DYNAMIC_NO_PIC = NO;
				GCC_OPTIMIZATION_LEVEL = 0;
				GCC_PREPROCESSOR_DEFINITIONS = (
					"DEBUG=1",
					"$(inherited)",
				);
				GCC_SYMBOLS_PRIVATE_EXTERN = NO;
				GCC_WARN_ABOUT_RETURN_TYPE = YES;
				GCC_WARN_UNINITIALIZED_AUTOS = YES;
				GCC_WARN_UNUSED_VARIABLE = YES;
				IPHONEOS_DEPLOYMENT_TARGET = 6.1;
				ONLY_ACTIVE_ARCH = YES;
				SDKROOT = iphoneos;
			};
			name = Debug;
		};
		B90AE1AD171659A80011FDBA /* Release */ = {
			isa = XCBuildConfiguration;
			buildSettings = {
				ALWAYS_SEARCH_USER_PATHS = NO;
				CLANG_CXX_LANGUAGE_STANDARD = "gnu++0x";
				CLANG_CXX_LIBRARY = "libc++";
				CLANG_ENABLE_OBJC_ARC = YES;
				CLANG_WARN_CONSTANT_CONVERSION = YES;
				CLANG_WARN_EMPTY_BODY = YES;
				CLANG_WARN_ENUM_CONVERSION = YES;
				CLANG_WARN_INT_CONVERSION = YES;
				CLANG_WARN__DUPLICATE_METHOD_MATCH = YES;
				"CODE_SIGN_IDENTITY[sdk=iphoneos*]" = "iPhone Developer";
				COPY_PHASE_STRIP = YES;
				GCC_C_LANGUAGE_STANDARD = gnu99;
				GCC_WARN_ABOUT_RETURN_TYPE = YES;
				GCC_WARN_UNINITIALIZED_AUTOS = YES;
				GCC_WARN_UNUSED_VARIABLE = YES;
				IPHONEOS_DEPLOYMENT_TARGET = 6.1;
				OTHER_CFLAGS = "-DNS_BLOCK_ASSERTIONS=1";
				SDKROOT = iphoneos;
				VALIDATE_PRODUCT = YES;
			};
			name = Release;
		};
		B90AE1AF171659A80011FDBA /* Debug */ = {
			isa = XCBuildConfiguration;
			buildSettings = {
				GCC_PRECOMPILE_PREFIX_HEADER = YES;
				GCC_PREFIX_HEADER = "OpenGL_ES_Demo01/OpenGL_ES_Demo01-Prefix.pch";
				INFOPLIST_FILE = "OpenGL_ES_Demo01/OpenGL_ES_Demo01-Info.plist";
				PRODUCT_NAME = "$(TARGET_NAME)";
				WRAPPER_EXTENSION = app;
			};
			name = Debug;
		};
		B90AE1B0171659A80011FDBA /* Release */ = {
			isa = XCBuildConfiguration;
			buildSettings = {
				GCC_PRECOMPILE_PREFIX_HEADER = YES;
				GCC_PREFIX_HEADER = "OpenGL_ES_Demo01/OpenGL_ES_Demo01-Prefix.pch";
				INFOPLIST_FILE = "OpenGL_ES_Demo01/OpenGL_ES_Demo01-Info.plist";
				PRODUCT_NAME = "$(TARGET_NAME)";
				WRAPPER_EXTENSION = app;
			};
			name = Release;
		};
/* End XCBuildConfiguration section */

/* Begin XCConfigurationList section */
		B90AE18C171659A80011FDBA /* Build configuration list for PBXProject "OpenGL_ES_Demo01" */ = {
			isa = XCConfigurationList;
			buildConfigurations = (
				B90AE1AC171659A80011FDBA /* Debug */,
				B90AE1AD171659A80011FDBA /* Release */,
			);
			defaultConfigurationIsVisible = 0;
			defaultConfigurationName = Release;
		};
		B90AE1AE171659A80011FDBA /* Build configuration list for PBXNativeTarget "OpenGL_ES_Demo01" */ = {
			isa = XCConfigurationList;
			buildConfigurations = (
				B90AE1AF171659A80011FDBA /* Debug */,
				B90AE1B0171659A80011FDBA /* Release */,
			);
			defaultConfigurationIsVisible = 0;
			defaultConfigurationName = Release;
		};
/* End XCConfigurationList section */
	};
	rootObject = B90AE189171659A80011FDBA /* Project object */;
}
