// !$*UTF8*$!
{
	archiveVersion = 1;
	classes = {
	};
	objectVersion = 46;
	objects = {

/* Begin PBXBuildFile section */
		B91214DB1727801800C2B1C2 /* UIKit.framework in Frameworks */ = {isa = PBXBuildFile; fileRef = B91214DA1727801800C2B1C2 /* UIKit.framework */; };
		B91214DD1727801800C2B1C2 /* Foundation.framework in Frameworks */ = {isa = PBXBuildFile; fileRef = B91214DC1727801800C2B1C2 /* Foundation.framework */; };
		B91214DF1727801800C2B1C2 /* CoreGraphics.framework in Frameworks */ = {isa = PBXBuildFile; fileRef = B91214DE1727801800C2B1C2 /* CoreGraphics.framework */; };
		B91214E51727801800C2B1C2 /* InfoPlist.strings in Resources */ = {isa = PBXBuildFile; fileRef = B91214E31727801800C2B1C2 /* InfoPlist.strings */; };
		B91214E71727801800C2B1C2 /* main.m in Sources */ = {isa = PBXBuildFile; fileRef = B91214E61727801800C2B1C2 /* main.m */; };
		B91214EB1727801800C2B1C2 /* AppDelegate.m in Sources */ = {isa = PBXBuildFile; fileRef = B91214EA1727801800C2B1C2 /* AppDelegate.m */; };
		B91214ED1727801800C2B1C2 /* Default.png in Resources */ = {isa = PBXBuildFile; fileRef = B91214EC1727801800C2B1C2 /* Default.png */; };
		B91214EF1727801800C2B1C2 /* Default@2x.png in Resources */ = {isa = PBXBuildFile; fileRef = B91214EE1727801800C2B1C2 /* Default@2x.png */; };
		B91214F11727801800C2B1C2 /* Default-568h@2x.png in Resources */ = {isa = PBXBuildFile; fileRef = B91214F01727801800C2B1C2 /* Default-568h@2x.png */; };
		B91214F41727801800C2B1C2 /* ViewController.m in Sources */ = {isa = PBXBuildFile; fileRef = B91214F31727801800C2B1C2 /* ViewController.m */; };
		B91214F71727801800C2B1C2 /* ViewController.xib in Resources */ = {isa = PBXBuildFile; fileRef = B91214F51727801800C2B1C2 /* ViewController.xib */; };
		B91214FE1727804600C2B1C2 /* LightReadme.txt in Resources */ = {isa = PBXBuildFile; fileRef = B91214FD1727804600C2B1C2 /* LightReadme.txt */; };
		B91215001727A5A400C2B1C2 /* QuartzCore.framework in Frameworks */ = {isa = PBXBuildFile; fileRef = B91214FF1727A5A400C2B1C2 /* QuartzCore.framework */; };
		B91215021727A5AA00C2B1C2 /* OpenGLES.framework in Frameworks */ = {isa = PBXBuildFile; fileRef = B91215011727A5AA00C2B1C2 /* OpenGLES.framework */; };
		B91215151727A5C300C2B1C2 /* FregmentShader.glsl in Resources */ = {isa = PBXBuildFile; fileRef = B91215041727A5C300C2B1C2 /* FregmentShader.glsl */; };
		B91215161727A5C300C2B1C2 /* GLESMath.c in Sources */ = {isa = PBXBuildFile; fileRef = B91215051727A5C300C2B1C2 /* GLESMath.c */; };
		B91215171727A5C300C2B1C2 /* GLESUnit.m in Sources */ = {isa = PBXBuildFile; fileRef = B91215081727A5C300C2B1C2 /* GLESUnit.m */; };
		B91215181727A5C300C2B1C2 /* ksVector.c in Sources */ = {isa = PBXBuildFile; fileRef = B91215091727A5C300C2B1C2 /* ksVector.c */; };
		B91215191727A5C300C2B1C2 /* OpenGLView.mm in Sources */ = {isa = PBXBuildFile; fileRef = B912150C1727A5C300C2B1C2 /* OpenGLView.mm */; };
		B912151A1727A5C300C2B1C2 /* ShaderReadme.txt in Resources */ = {isa = PBXBuildFile; fileRef = B912150E1727A5C300C2B1C2 /* ShaderReadme.txt */; };
		B912151B1727A5C300C2B1C2 /* ParametricSurface.cpp in Sources */ = {isa = PBXBuildFile; fileRef = B91215111727A5C300C2B1C2 /* ParametricSurface.cpp */; };
		B912151C1727A5C300C2B1C2 /* VertexShader.glsl in Resources */ = {isa = PBXBuildFile; fileRef = B91215141727A5C300C2B1C2 /* VertexShader.glsl */; };
/* End PBXBuildFile section */

/* Begin PBXFileReference section */
		B91214D71727801800C2B1C2 /* OpenGL_ES_Demo05.app */ = {isa = PBXFileReference; explicitFileType = wrapper.application; includeInIndex = 0; path = OpenGL_ES_Demo05.app; sourceTree = BUILT_PRODUCTS_DIR; };
		B91214DA1727801800C2B1C2 /* UIKit.framework */ = {isa = PBXFileReference; lastKnownFileType = wrapper.framework; name = UIKit.framework; path = System/Library/Frameworks/UIKit.framework; sourceTree = SDKROOT; };
		B91214DC1727801800C2B1C2 /* Foundation.framework */ = {isa = PBXFileReference; lastKnownFileType = wrapper.framework; name = Foundation.framework; path = System/Library/Frameworks/Foundation.framework; sourceTree = SDKROOT; };
		B91214DE1727801800C2B1C2 /* CoreGraphics.framework */ = {isa = PBXFileReference; lastKnownFileType = wrapper.framework; name = CoreGraphics.framework; path = System/Library/Frameworks/CoreGraphics.framework; sourceTree = SDKROOT; };
		B91214E21727801800C2B1C2 /* OpenGL_ES_Demo05-Info.plist */ = {isa = PBXFileReference; lastKnownFileType = text.plist.xml; path = "OpenGL_ES_Demo05-Info.plist"; sourceTree = "<group>"; };
		B91214E41727801800C2B1C2 /* en */ = {isa = PBXFileReference; lastKnownFileType = text.plist.strings; name = en; path = en.lproj/InfoPlist.strings; sourceTree = "<group>"; };
		B91214E61727801800C2B1C2 /* main.m */ = {isa = PBXFileReference; lastKnownFileType = sourcecode.c.objc; path = main.m; sourceTree = "<group>"; };
		B91214E81727801800C2B1C2 /* OpenGL_ES_Demo05-Prefix.pch */ = {isa = PBXFileReference; lastKnownFileType = sourcecode.c.h; path = "OpenGL_ES_Demo05-Prefix.pch"; sourceTree = "<group>"; };
		B91214E91727801800C2B1C2 /* AppDelegate.h */ = {isa = PBXFileReference; lastKnownFileType = sourcecode.c.h; path = AppDelegate.h; sourceTree = "<group>"; };
		B91214EA1727801800C2B1C2 /* AppDelegate.m */ = {isa = PBXFileReference; lastKnownFileType = sourcecode.c.objc; path = AppDelegate.m; sourceTree = "<group>"; };
		B91214EC1727801800C2B1C2 /* Default.png */ = {isa = PBXFileReference; lastKnownFileType = image.png; path = Default.png; sourceTree = "<group>"; };
		B91214EE1727801800C2B1C2 /* Default@2x.png */ = {isa = PBXFileReference; lastKnownFileType = image.png; path = "Default@2x.png"; sourceTree = "<group>"; };
		B91214F01727801800C2B1C2 /* Default-568h@2x.png */ = {isa = PBXFileReference; lastKnownFileType = image.png; path = "Default-568h@2x.png"; sourceTree = "<group>"; };
		B91214F21727801800C2B1C2 /* ViewController.h */ = {isa = PBXFileReference; lastKnownFileType = sourcecode.c.h; path = ViewController.h; sourceTree = "<group>"; };
		B91214F31727801800C2B1C2 /* ViewController.m */ = {isa = PBXFileReference; lastKnownFileType = sourcecode.c.objc; path = ViewController.m; sourceTree = "<group>"; };
		B91214F61727801800C2B1C2 /* en */ = {isa = PBXFileReference; lastKnownFileType = file.xib; name = en; path = en.lproj/ViewController.xib; sourceTree = "<group>"; };
		B91214FD1727804600C2B1C2 /* LightReadme.txt */ = {isa = PBXFileReference; fileEncoding = 4; lastKnownFileType = text; path = LightReadme.txt; sourceTree = "<group>"; };
		B91214FF1727A5A400C2B1C2 /* QuartzCore.framework */ = {isa = PBXFileReference; lastKnownFileType = wrapper.framework; name = QuartzCore.framework; path = System/Library/Frameworks/QuartzCore.framework; sourceTree = SDKROOT; };
		B91215011727A5AA00C2B1C2 /* OpenGLES.framework */ = {isa = PBXFileReference; lastKnownFileType = wrapper.framework; name = OpenGLES.framework; path = System/Library/Frameworks/OpenGLES.framework; sourceTree = SDKROOT; };
		B91215041727A5C300C2B1C2 /* FregmentShader.glsl */ = {isa = PBXFileReference; fileEncoding = 4; lastKnownFileType = text; path = FregmentShader.glsl; sourceTree = "<group>"; };
		B91215051727A5C300C2B1C2 /* GLESMath.c */ = {isa = PBXFileReference; fileEncoding = 4; lastKnownFileType = sourcecode.c.c; path = GLESMath.c; sourceTree = "<group>"; };
		B91215061727A5C300C2B1C2 /* GLESMath.h */ = {isa = PBXFileReference; fileEncoding = 4; lastKnownFileType = sourcecode.c.h; path = GLESMath.h; sourceTree = "<group>"; };
		B91215071727A5C300C2B1C2 /* GLESUnit.h */ = {isa = PBXFileReference; fileEncoding = 4; lastKnownFileType = sourcecode.c.h; path = GLESUnit.h; sourceTree = "<group>"; };
		B91215081727A5C300C2B1C2 /* GLESUnit.m */ = {isa = PBXFileReference; fileEncoding = 4; lastKnownFileType = sourcecode.c.objc; path = GLESUnit.m; sourceTree = "<group>"; };
		B91215091727A5C300C2B1C2 /* ksVector.c */ = {isa = PBXFileReference; fileEncoding = 4; lastKnownFileType = sourcecode.c.c; path = ksVector.c; sourceTree = "<group>"; };
		B912150A1727A5C300C2B1C2 /* ksVector.h */ = {isa = PBXFileReference; fileEncoding = 4; lastKnownFileType = sourcecode.c.h; path = ksVector.h; sourceTree = "<group>"; };
		B912150B1727A5C300C2B1C2 /* OpenGLView.h */ = {isa = PBXFileReference; fileEncoding = 4; lastKnownFileType = sourcecode.c.h; path = OpenGLView.h; sourceTree = "<group>"; };
		B912150C1727A5C300C2B1C2 /* OpenGLView.mm */ = {isa = PBXFileReference; fileEncoding = 4; lastKnownFileType = sourcecode.cpp.objcpp; path = OpenGLView.mm; sourceTree = "<group>"; };
		B912150D1727A5C300C2B1C2 /* Quaternion.h */ = {isa = PBXFileReference; fileEncoding = 4; lastKnownFileType = sourcecode.c.h; path = Quaternion.h; sourceTree = "<group>"; };
		B912150E1727A5C300C2B1C2 /* ShaderReadme.txt */ = {isa = PBXFileReference; fileEncoding = 4; lastKnownFileType = text; name = ShaderReadme.txt; path = Utils/ShaderReadme.txt; sourceTree = "<group>"; };
		B91215101727A5C300C2B1C2 /* ParametricEquations.h */ = {isa = PBXFileReference; fileEncoding = 4; lastKnownFileType = sourcecode.c.h; path = ParametricEquations.h; sourceTree = "<group>"; };
		B91215111727A5C300C2B1C2 /* ParametricSurface.cpp */ = {isa = PBXFileReference; fileEncoding = 4; lastKnownFileType = sourcecode.cpp.cpp; path = ParametricSurface.cpp; sourceTree = "<group>"; };
		B91215121727A5C300C2B1C2 /* ParametricSurface.h */ = {isa = PBXFileReference; fileEncoding = 4; lastKnownFileType = sourcecode.c.h; path = ParametricSurface.h; sourceTree = "<group>"; };
		B91215131727A5C300C2B1C2 /* Vector.h */ = {isa = PBXFileReference; fileEncoding = 4; lastKnownFileType = sourcecode.c.h; path = Vector.h; sourceTree = "<group>"; };
		B91215141727A5C300C2B1C2 /* VertexShader.glsl */ = {isa = PBXFileReference; fileEncoding = 4; lastKnownFileType = text; path = VertexShader.glsl; sourceTree = "<group>"; };
/* End PBXFileReference section */

/* Begin PBXFrameworksBuildPhase section */
		B91214D41727801800C2B1C2 /* Frameworks */ = {
			isa = PBXFrameworksBuildPhase;
			buildActionMask = 2147483647;
			files = (
				B91215021727A5AA00C2B1C2 /* OpenGLES.framework in Frameworks */,
				B91215001727A5A400C2B1C2 /* QuartzCore.framework in Frameworks */,
				B91214DB1727801800C2B1C2 /* UIKit.framework in Frameworks */,
				B91214DD1727801800C2B1C2 /* Foundation.framework in Frameworks */,
				B91214DF1727801800C2B1C2 /* CoreGraphics.framework in Frameworks */,
			);
			runOnlyForDeploymentPostprocessing = 0;
		};
/* End PBXFrameworksBuildPhase section */

/* Begin PBXGroup section */
		B91214CE1727801800C2B1C2 = {
			isa = PBXGroup;
			children = (
				B91214E01727801800C2B1C2 /* OpenGL_ES_Demo05 */,
				B91214D91727801800C2B1C2 /* Frameworks */,
				B91214D81727801800C2B1C2 /* Products */,
			);
			sourceTree = "<group>";
		};
		B91214D81727801800C2B1C2 /* Products */ = {
			isa = PBXGroup;
			children = (
				B91214D71727801800C2B1C2 /* OpenGL_ES_Demo05.app */,
			);
			name = Products;
			sourceTree = "<group>";
		};
		B91214D91727801800C2B1C2 /* Frameworks */ = {
			isa = PBXGroup;
			children = (
				B91215011727A5AA00C2B1C2 /* OpenGLES.framework */,
				B91214FF1727A5A400C2B1C2 /* QuartzCore.framework */,
				B91214DA1727801800C2B1C2 /* UIKit.framework */,
				B91214DC1727801800C2B1C2 /* Foundation.framework */,
				B91214DE1727801800C2B1C2 /* CoreGraphics.framework */,
			);
			name = Frameworks;
			sourceTree = "<group>";
		};
		B91214E01727801800C2B1C2 /* OpenGL_ES_Demo05 */ = {
			isa = PBXGroup;
			children = (
				B91215031727A5C300C2B1C2 /* Utils */,
				B91214E91727801800C2B1C2 /* AppDelegate.h */,
				B91214EA1727801800C2B1C2 /* AppDelegate.m */,
				B91214F21727801800C2B1C2 /* ViewController.h */,
				B91214F31727801800C2B1C2 /* ViewController.m */,
				B91214F51727801800C2B1C2 /* ViewController.xib */,
				B912150E1727A5C300C2B1C2 /* ShaderReadme.txt */,
				B91214E11727801800C2B1C2 /* Supporting Files */,
			);
			path = OpenGL_ES_Demo05;
			sourceTree = "<group>";
		};
		B91214E11727801800C2B1C2 /* Supporting Files */ = {
			isa = PBXGroup;
			children = (
				B91214E21727801800C2B1C2 /* OpenGL_ES_Demo05-Info.plist */,
				B91214E31727801800C2B1C2 /* InfoPlist.strings */,
				B91214E61727801800C2B1C2 /* main.m */,
				B91214E81727801800C2B1C2 /* OpenGL_ES_Demo05-Prefix.pch */,
				B91214EC1727801800C2B1C2 /* Default.png */,
				B91214EE1727801800C2B1C2 /* Default@2x.png */,
				B91214F01727801800C2B1C2 /* Default-568h@2x.png */,
				B91214FD1727804600C2B1C2 /* LightReadme.txt */,
			);
			name = "Supporting Files";
			sourceTree = "<group>";
		};
		B91215031727A5C300C2B1C2 /* Utils */ = {
			isa = PBXGroup;
			children = (
				B912150F1727A5C300C2B1C2 /* Surface */,
				B91215051727A5C300C2B1C2 /* GLESMath.c */,
				B91215061727A5C300C2B1C2 /* GLESMath.h */,
				B91215071727A5C300C2B1C2 /* GLESUnit.h */,
				B91215081727A5C300C2B1C2 /* GLESUnit.m */,
				B91215091727A5C300C2B1C2 /* ksVector.c */,
				B912150A1727A5C300C2B1C2 /* ksVector.h */,
				B912150B1727A5C300C2B1C2 /* OpenGLView.h */,
				B912150C1727A5C300C2B1C2 /* OpenGLView.mm */,
				B912150D1727A5C300C2B1C2 /* Quaternion.h */,
				B91215131727A5C300C2B1C2 /* Vector.h */,
				B91215041727A5C300C2B1C2 /* FregmentShader.glsl */,
				B91215141727A5C300C2B1C2 /* VertexShader.glsl */,
			);
			path = Utils;
			sourceTree = "<group>";
		};
		B912150F1727A5C300C2B1C2 /* Surface */ = {
			isa = PBXGroup;
			children = (
				B91215101727A5C300C2B1C2 /* ParametricEquations.h */,
				B91215111727A5C300C2B1C2 /* ParametricSurface.cpp */,
				B91215121727A5C300C2B1C2 /* ParametricSurface.h */,
			);
			path = Surface;
			sourceTree = "<group>";
		};
/* End PBXGroup section */

/* Begin PBXNativeTarget section */
		B91214D61727801800C2B1C2 /* OpenGL_ES_Demo05 */ = {
			isa = PBXNativeTarget;
			buildConfigurationList = B91214FA1727801800C2B1C2 /* Build configuration list for PBXNativeTarget "OpenGL_ES_Demo05" */;
			buildPhases = (
				B91214D31727801800C2B1C2 /* Sources */,
				B91214D41727801800C2B1C2 /* Frameworks */,
				B91214D51727801800C2B1C2 /* Resources */,
			);
			buildRules = (
			);
			dependencies = (
			);
			name = OpenGL_ES_Demo05;
			productName = OpenGL_ES_Demo05;
			productReference = B91214D71727801800C2B1C2 /* OpenGL_ES_Demo05.app */;
			productType = "com.apple.product-type.application";
		};
/* End PBXNativeTarget section */

/* Begin PBXProject section */
		B91214CF1727801800C2B1C2 /* Project object */ = {
			isa = PBXProject;
			attributes = {
				LastUpgradeCheck = 0460;
				ORGANIZATIONNAME = "tosc-its";
			};
			buildConfigurationList = B91214D21727801800C2B1C2 /* Build configuration list for PBXProject "OpenGL_ES_Demo05" */;
			compatibilityVersion = "Xcode 3.2";
			developmentRegion = English;
			hasScannedForEncodings = 0;
			knownRegions = (
				en,
			);
			mainGroup = B91214CE1727801800C2B1C2;
			productRefGroup = B91214D81727801800C2B1C2 /* Products */;
			projectDirPath = "";
			projectRoot = "";
			targets = (
				B91214D61727801800C2B1C2 /* OpenGL_ES_Demo05 */,
			);
		};
/* End PBXProject section */

/* Begin PBXResourcesBuildPhase section */
		B91214D51727801800C2B1C2 /* Resources */ = {
			isa = PBXResourcesBuildPhase;
			buildActionMask = 2147483647;
			files = (
				B91214E51727801800C2B1C2 /* InfoPlist.strings in Resources */,
				B91214ED1727801800C2B1C2 /* Default.png in Resources */,
				B91214EF1727801800C2B1C2 /* Default@2x.png in Resources */,
				B91214F11727801800C2B1C2 /* Default-568h@2x.png in Resources */,
				B91214F71727801800C2B1C2 /* ViewController.xib in Resources */,
				B91214FE1727804600C2B1C2 /* LightReadme.txt in Resources */,
				B91215151727A5C300C2B1C2 /* FregmentShader.glsl in Resources */,
				B912151A1727A5C300C2B1C2 /* ShaderReadme.txt in Resources */,
				B912151C1727A5C300C2B1C2 /* VertexShader.glsl in Resources */,
			);
			runOnlyForDeploymentPostprocessing = 0;
		};
/* End PBXResourcesBuildPhase section */

/* Begin PBXSourcesBuildPhase section */
		B91214D31727801800C2B1C2 /* Sources */ = {
			isa = PBXSourcesBuildPhase;
			buildActionMask = 2147483647;
			files = (
				B91214E71727801800C2B1C2 /* main.m in Sources */,
				B91214EB1727801800C2B1C2 /* AppDelegate.m in Sources */,
				B91214F41727801800C2B1C2 /* ViewController.m in Sources */,
				B91215161727A5C300C2B1C2 /* GLESMath.c in Sources */,
				B91215171727A5C300C2B1C2 /* GLESUnit.m in Sources */,
				B91215181727A5C300C2B1C2 /* ksVector.c in Sources */,
				B91215191727A5C300C2B1C2 /* OpenGLView.mm in Sources */,
				B912151B1727A5C300C2B1C2 /* ParametricSurface.cpp in Sources */,
			);
			runOnlyForDeploymentPostprocessing = 0;
		};
/* End PBXSourcesBuildPhase section */

/* Begin PBXVariantGroup section */
		B91214E31727801800C2B1C2 /* InfoPlist.strings */ = {
			isa = PBXVariantGroup;
			children = (
				B91214E41727801800C2B1C2 /* en */,
			);
			name = InfoPlist.strings;
			sourceTree = "<group>";
		};
		B91214F51727801800C2B1C2 /* ViewController.xib */ = {
			isa = PBXVariantGroup;
			children = (
				B91214F61727801800C2B1C2 /* en */,
			);
			name = ViewController.xib;
			sourceTree = "<group>";
		};
/* End PBXVariantGroup section */

/* Begin XCBuildConfiguration section */
		B91214F81727801800C2B1C2 /* Debug */ = {
			isa = XCBuildConfiguration;
			buildSettings = {
				ALWAYS_SEARCH_USER_PATHS = NO;
				CLANG_CXX_LANGUAGE_STANDARD = "gnu++0x";
				CLANG_CXX_LIBRARY = "libc++";
				CLANG_ENABLE_OBJC_ARC = YES;
				CLANG_WARN_CONSTANT_CONVERSION = YES;
				CLANG_WARN_EMPTY_BODY = YES;
				CLANG_WARN_ENUM_CONVERSION = YES;
				CLANG_WARN_INT_CONVERSION = YES;
				CLANG_WARN__DUPLICATE_METHOD_MATCH = YES;
				"CODE_SIGN_IDENTITY[sdk=iphoneos*]" = "iPhone Developer";
				COPY_PHASE_STRIP = NO;
				GCC_C_LANGUAGE_STANDARD = gnu99;
				GCC_DYNAMIC_NO_PIC = NO;
				GCC_OPTIMIZATION_LEVEL = 0;
				GCC_PREPROCESSOR_DEFINITIONS = (
					"DEBUG=1",
					"$(inherited)",
				);
				GCC_SYMBOLS_PRIVATE_EXTERN = NO;
				GCC_WARN_ABOUT_RETURN_TYPE = YES;
				GCC_WARN_UNINITIALIZED_AUTOS = YES;
				GCC_WARN_UNUSED_VARIABLE = YES;
				IPHONEOS_DEPLOYMENT_TARGET = 6.1;
				ONLY_ACTIVE_ARCH = YES;
				SDKROOT = iphoneos;
			};
			name = Debug;
		};
		B91214F91727801800C2B1C2 /* Release */ = {
			isa = XCBuildConfiguration;
			buildSettings = {
				ALWAYS_SEARCH_USER_PATHS = NO;
				CLANG_CXX_LANGUAGE_STANDARD = "gnu++0x";
				CLANG_CXX_LIBRARY = "libc++";
				CLANG_ENABLE_OBJC_ARC = YES;
				CLANG_WARN_CONSTANT_CONVERSION = YES;
				CLANG_WARN_EMPTY_BODY = YES;
				CLANG_WARN_ENUM_CONVERSION = YES;
				CLANG_WARN_INT_CONVERSION = YES;
				CLANG_WARN__DUPLICATE_METHOD_MATCH = YES;
				"CODE_SIGN_IDENTITY[sdk=iphoneos*]" = "iPhone Developer";
				COPY_PHASE_STRIP = YES;
				GCC_C_LANGUAGE_STANDARD = gnu99;
				GCC_WARN_ABOUT_RETURN_TYPE = YES;
				GCC_WARN_UNINITIALIZED_AUTOS = YES;
				GCC_WARN_UNUSED_VARIABLE = YES;
				IPHONEOS_DEPLOYMENT_TARGET = 6.1;
				OTHER_CFLAGS = "-DNS_BLOCK_ASSERTIONS=1";
				SDKROOT = iphoneos;
				VALIDATE_PRODUCT = YES;
			};
			name = Release;
		};
		B91214FB1727801800C2B1C2 /* Debug */ = {
			isa = XCBuildConfiguration;
			buildSettings = {
				GCC_PRECOMPILE_PREFIX_HEADER = YES;
				GCC_PREFIX_HEADER = "OpenGL_ES_Demo05/OpenGL_ES_Demo05-Prefix.pch";
				INFOPLIST_FILE = "OpenGL_ES_Demo05/OpenGL_ES_Demo05-Info.plist";
				PRODUCT_NAME = "$(TARGET_NAME)";
				WRAPPER_EXTENSION = app;
			};
			name = Debug;
		};
		B91214FC1727801800C2B1C2 /* Release */ = {
			isa = XCBuildConfiguration;
			buildSettings = {
				GCC_PRECOMPILE_PREFIX_HEADER = YES;
				GCC_PREFIX_HEADER = "OpenGL_ES_Demo05/OpenGL_ES_Demo05-Prefix.pch";
				INFOPLIST_FILE = "OpenGL_ES_Demo05/OpenGL_ES_Demo05-Info.plist";
				PRODUCT_NAME = "$(TARGET_NAME)";
				WRAPPER_EXTENSION = app;
			};
			name = Release;
		};
/* End XCBuildConfiguration section */

/* Begin XCConfigurationList section */
		B91214D21727801800C2B1C2 /* Build configuration list for PBXProject "OpenGL_ES_Demo05" */ = {
			isa = XCConfigurationList;
			buildConfigurations = (
				B91214F81727801800C2B1C2 /* Debug */,
				B91214F91727801800C2B1C2 /* Release */,
			);
			defaultConfigurationIsVisible = 0;
			defaultConfigurationName = Release;
		};
		B91214FA1727801800C2B1C2 /* Build configuration list for PBXNativeTarget "OpenGL_ES_Demo05" */ = {
			isa = XCConfigurationList;
			buildConfigurations = (
				B91214FB1727801800C2B1C2 /* Debug */,
				B91214FC1727801800C2B1C2 /* Release */,
			);
			defaultConfigurationIsVisible = 0;
			defaultConfigurationName = Release;
		};
/* End XCConfigurationList section */
	};
	rootObject = B91214CF1727801800C2B1C2 /* Project object */;
}
